
Microsoft Visual Studio Solution File, Format Version 12.00
# Visual Studio Version 16
VisualStudioVersion = 16.0.31729.503
MinimumVisualStudioVersion = 10.0.40219.1
Project("{FAE04EC0-301F-11D3-BF4B-00C04F79EFBC}") = "Addins", "Addins.csproj", "{36848A16-647A-420F-93E4-64D2FA1B4C51}"
EndProject
Global
	GlobalSection(SolutionConfigurationPlatforms) = preSolution
		Debug|Any CPU = Debug|Any CPU
		Release|Any CPU = Release|Any CPU
	EndGlobalSection
	GlobalSection(ProjectConfigurationPlatforms) = postSolution
		{36848A16-647A-420F-93E4-64D2FA1B4C51}.Debug|Any CPU.ActiveCfg = Debug|Any CPU
		{36848A16-647A-420F-93E4-64D2FA1B4C51}.Debug|Any CPU.Build.0 = Debug|Any CPU
		{36848A16-647A-420F-93E4-64D2FA1B4C51}.Release|Any CPU.ActiveCfg = Release|Any CPU
		{36848A16-647A-420F-93E4-64D2FA1B4C51}.Release|Any CPU.Build.0 = Release|Any CPU
	EndGlobalSection
	GlobalSection(SolutionProperties) = preSolution
		HideSolutionNode = FALSE
	EndGlobalSection
	GlobalSection(ExtensibilityGlobals) = postSolution
		SolutionGuid = {F8BE1BDB-ED1A-490A-8DEE-395139FC17D6}
	EndGlobalSection
EndGlobal
