
Microsoft Visual Studio Solution File, Format Version 12.00
# Visual Studio Version 16
VisualStudioVersion = 16.0.31729.503
MinimumVisualStudioVersion = 10.0.40219.1
Project("{FAE04EC0-301F-11D3-BF4B-00C04F79EFBC}") = "ReminderParameter", "ReminderParameter.csproj", "{92039705-E820-48AC-96E4-4FDB3CE03772}"
EndProject
Project("{930C7802-8A8C-48F9-8165-68863BCCD9DD}") = "Setup", "Setup\Setup.wixproj", "{00EB524F-D3C9-4580-939F-D7A3AD29474D}"
EndProject
Global
	GlobalSection(SolutionConfigurationPlatforms) = preSolution
		Debug|x64 = Debug|x64
		Debug|x86 = Debug|x86
		Release|x64 = Release|x64
		Release|x86 = Release|x86
	EndGlobalSection
	GlobalSection(ProjectConfigurationPlatforms) = postSolution
		{92039705-E820-48AC-96E4-4FDB3CE03772}.Debug|x64.ActiveCfg = Debug|Any CPU
		{92039705-E820-48AC-96E4-4FDB3CE03772}.Debug|x64.Build.0 = Debug|Any CPU
		{92039705-E820-48AC-96E4-4FDB3CE03772}.Debug|x86.ActiveCfg = Debug|Any CPU
		{92039705-E820-48AC-96E4-4FDB3CE03772}.Debug|x86.Build.0 = Debug|Any CPU
		{92039705-E820-48AC-96E4-4FDB3CE03772}.Release|x64.ActiveCfg = Release|Any CPU
		{92039705-E820-48AC-96E4-4FDB3CE03772}.Release|x64.Build.0 = Release|Any CPU
		{92039705-E820-48AC-96E4-4FDB3CE03772}.Release|x86.ActiveCfg = Release|Any CPU
		{92039705-E820-48AC-96E4-4FDB3CE03772}.Release|x86.Build.0 = Release|Any CPU
		{00EB524F-D3C9-4580-939F-D7A3AD29474D}.Debug|x64.ActiveCfg = Debug|x64
		{00EB524F-D3C9-4580-939F-D7A3AD29474D}.Debug|x86.ActiveCfg = Debug|x86
		{00EB524F-D3C9-4580-939F-D7A3AD29474D}.Release|x64.ActiveCfg = Release|x86
		{00EB524F-D3C9-4580-939F-D7A3AD29474D}.Release|x86.ActiveCfg = Release|x86
		{00EB524F-D3C9-4580-939F-D7A3AD29474D}.Release|x86.Build.0 = Release|x86
	EndGlobalSection
	GlobalSection(SolutionProperties) = preSolution
		HideSolutionNode = FALSE
	EndGlobalSection
	GlobalSection(ExtensibilityGlobals) = postSolution
		SolutionGuid = {99304F41-F5E2-45A2-9BA7-2C585CB52AD0}
	EndGlobalSection
EndGlobal
